
Microsoft Visual Studio Solution File, Format Version 12.00
# Visual Studio Express 2012 for Windows Desktop
Project("{FAE04EC0-301F-11D3-BF4B-00C04F79EFBC}") = "Rozdział 2 - Program 4", "Rozdział 2 - Program 4\Rozdział 2 - Program 4.csproj", "{7B068C49-BFB9-4B03-9CC2-F5E0321FBAA8}"
EndProject
Global
	GlobalSection(SolutionConfigurationPlatforms) = preSolution
		Debug|Any CPU = Debug|Any CPU
		Release|Any CPU = Release|Any CPU
	EndGlobalSection
	GlobalSection(ProjectConfigurationPlatforms) = postSolution
		{7B068C49-BFB9-4B03-9CC2-F5E0321FBAA8}.Debug|Any CPU.ActiveCfg = Debug|Any CPU
		{7B068C49-BFB9-4B03-9CC2-F5E0321FBAA8}.Debug|Any CPU.Build.0 = Debug|Any CPU
		{7B068C49-BFB9-4B03-9CC2-F5E0321FBAA8}.Release|Any CPU.ActiveCfg = Release|Any CPU
		{7B068C49-BFB9-4B03-9CC2-F5E0321FBAA8}.Release|Any CPU.Build.0 = Release|Any CPU
	EndGlobalSection
	GlobalSection(SolutionProperties) = preSolution
		HideSolutionNode = FALSE
	EndGlobalSection
EndGlobal
